
Microsoft Visual Studio Solution File, Format Version 12.00
# Visual Studio Version 16
VisualStudioVersion = 16.0.30717.126
MinimumVisualStudioVersion = 10.0.40219.1
Project("{FAE04EC0-301F-11D3-BF4B-00C04F79EFBC}") = "Exercicio001", "Exercicio001\Exercicio001.csproj", "{412431BC-B7D1-4D0E-B7CA-E6B5BED3EFD2}"
EndProject
Project("{FAE04EC0-301F-11D3-BF4B-00C04F79EFBC}") = "WindowsFormsExercicio002", "WindowsFormsExercicio002\WindowsFormsExercicio002.csproj", "{B569CBDA-ED1D-4392-9166-2DD542693217}"
EndProject
Global
	GlobalSection(SolutionConfigurationPlatforms) = preSolution
		Debug|Any CPU = Debug|Any CPU
		Release|Any CPU = Release|Any CPU
	EndGlobalSection
	GlobalSection(ProjectConfigurationPlatforms) = postSolution
		{412431BC-B7D1-4D0E-B7CA-E6B5BED3EFD2}.Debug|Any CPU.ActiveCfg = Debug|Any CPU
		{412431BC-B7D1-4D0E-B7CA-E6B5BED3EFD2}.Debug|Any CPU.Build.0 = Debug|Any CPU
		{412431BC-B7D1-4D0E-B7CA-E6B5BED3EFD2}.Release|Any CPU.ActiveCfg = Release|Any CPU
		{412431BC-B7D1-4D0E-B7CA-E6B5BED3EFD2}.Release|Any CPU.Build.0 = Release|Any CPU
		{B569CBDA-ED1D-4392-9166-2DD542693217}.Debug|Any CPU.ActiveCfg = Debug|Any CPU
		{B569CBDA-ED1D-4392-9166-2DD542693217}.Debug|Any CPU.Build.0 = Debug|Any CPU
		{B569CBDA-ED1D-4392-9166-2DD542693217}.Release|Any CPU.ActiveCfg = Release|Any CPU
		{B569CBDA-ED1D-4392-9166-2DD542693217}.Release|Any CPU.Build.0 = Release|Any CPU
	EndGlobalSection
	GlobalSection(SolutionProperties) = preSolution
		HideSolutionNode = FALSE
	EndGlobalSection
	GlobalSection(ExtensibilityGlobals) = postSolution
		SolutionGuid = {871A6D1D-6B0F-43F4-830B-0195431568B4}
	EndGlobalSection
EndGlobal
